
Microsoft Visual Studio Solution File, Format Version 12.00
# Visual Studio 15
VisualStudioVersion = 15.0.27428.2043
MinimumVisualStudioVersion = 10.0.40219.1
Project("{9A19103F-16F7-4668-BE54-9A1E7A4F7556}") = "RomanNumerals", "RomanNumerals\RomanNumerals.csproj", "{72CBDF97-6ADD-4719-82AB-BBD331698143}"
EndProject
Project("{9A19103F-16F7-4668-BE54-9A1E7A4F7556}") = "RomanNumerals.UnitTests", "RomanNumerals.UnitTests\RomanNumerals.UnitTests.csproj", "{17DAF276-EE7E-4A8E-8334-3D8C0DDA404C}"
EndProject
Project("{9A19103F-16F7-4668-BE54-9A1E7A4F7556}") = "CoinChange", "CoinChange\CoinChange.csproj", "{F9F25815-A233-4D47-BE9F-5A08A35E91FD}"
EndProject
Project("{9A19103F-16F7-4668-BE54-9A1E7A4F7556}") = "CoinChange.UnitTests", "CoinChange.UnitTests\CoinChange.UnitTests.csproj", "{AF587C07-A7D2-41AB-85B5-BC3222DEDBEB}"
EndProject
Project("{9A19103F-16F7-4668-BE54-9A1E7A4F7556}") = "Diamond", "Diamond\Diamond.csproj", "{EF9D3EA1-4745-4073-B6F4-02634CA8987D}"
EndProject
Project("{9A19103F-16F7-4668-BE54-9A1E7A4F7556}") = "Diamond.UnitTests", "Diamond.UnitTests\Diamond.UnitTests.csproj", "{B6285FEE-DDD5-4794-A822-AB8F1E8113BF}"
EndProject
Project("{9A19103F-16F7-4668-BE54-9A1E7A4F7556}") = "MarsRover", "MarsRover\MarsRover.csproj", "{2D0584CE-E604-4371-B32F-15663A1A0226}"
EndProject
Project("{9A19103F-16F7-4668-BE54-9A1E7A4F7556}") = "MarsRover.UnitTests", "MarsRover.UnitTests\MarsRover.UnitTests.csproj", "{63FC5D8F-DE9A-419D-862A-39443C873A14}"
EndProject
Project("{9A19103F-16F7-4668-BE54-9A1E7A4F7556}") = "GildedRose", "GildedRose\GildedRose.csproj", "{DA1EB90E-6A1E-455F-8D4D-3CE529DB3CBB}"
EndProject
Project("{9A19103F-16F7-4668-BE54-9A1E7A4F7556}") = "GildedRose.UnitTests", "GildedRose.UnitTests\GildedRose.UnitTests.csproj", "{0CE83092-774C-4FDD-94D6-57560371B500}"
EndProject
Project("{9A19103F-16F7-4668-BE54-9A1E7A4F7556}") = "FunctionalExtensions", "FunctionalExtensions\FunctionalExtensions.csproj", "{6D333397-9A24-43A2-966D-E7677888EE7C}"
EndProject
Project("{9A19103F-16F7-4668-BE54-9A1E7A4F7556}") = "GameOfLife", "GameOfLife\GameOfLife.csproj", "{9B03C581-9E65-4E9B-89A3-F32A5B10F15C}"
EndProject
Project("{9A19103F-16F7-4668-BE54-9A1E7A4F7556}") = "GameOfLife.UnitTests", "GameOfLife.UnitTests\GameOfLife.UnitTests.csproj", "{B8571791-B3BB-4930-ADEB-5D3949E642CB}"
EndProject
Project("{9A19103F-16F7-4668-BE54-9A1E7A4F7556}") = "GameOfLife.App", "GameOfLife.App\GameOfLife.App.csproj", "{32066D6A-2AC9-45DE-919F-50168E78C10A}"
EndProject
Project("{9A19103F-16F7-4668-BE54-9A1E7A4F7556}") = "ClockWiseTreeSearch", "ClockWiseTreeSearch\ClockWiseTreeSearch.csproj", "{6C248B54-5889-45B9-80F2-CE2A7C320012}"
EndProject
Project("{FAE04EC0-301F-11D3-BF4B-00C04F79EFBC}") = "ClockWiseTreeSearch.UnitTests", "ClockWiseTreeSearch.UnitTests\ClockWiseTreeSearch.UnitTests.csproj", "{29A66F3A-CD64-43FD-8296-119E82248A94}"
EndProject
Global
	GlobalSection(SolutionConfigurationPlatforms) = preSolution
		Debug|Any CPU = Debug|Any CPU
		Release|Any CPU = Release|Any CPU
	EndGlobalSection
	GlobalSection(ProjectConfigurationPlatforms) = postSolution
		{72CBDF97-6ADD-4719-82AB-BBD331698143}.Debug|Any CPU.ActiveCfg = Debug|Any CPU
		{72CBDF97-6ADD-4719-82AB-BBD331698143}.Debug|Any CPU.Build.0 = Debug|Any CPU
		{72CBDF97-6ADD-4719-82AB-BBD331698143}.Release|Any CPU.ActiveCfg = Release|Any CPU
		{72CBDF97-6ADD-4719-82AB-BBD331698143}.Release|Any CPU.Build.0 = Release|Any CPU
		{17DAF276-EE7E-4A8E-8334-3D8C0DDA404C}.Debug|Any CPU.ActiveCfg = Debug|Any CPU
		{17DAF276-EE7E-4A8E-8334-3D8C0DDA404C}.Debug|Any CPU.Build.0 = Debug|Any CPU
		{17DAF276-EE7E-4A8E-8334-3D8C0DDA404C}.Release|Any CPU.ActiveCfg = Release|Any CPU
		{17DAF276-EE7E-4A8E-8334-3D8C0DDA404C}.Release|Any CPU.Build.0 = Release|Any CPU
		{F9F25815-A233-4D47-BE9F-5A08A35E91FD}.Debug|Any CPU.ActiveCfg = Debug|Any CPU
		{F9F25815-A233-4D47-BE9F-5A08A35E91FD}.Debug|Any CPU.Build.0 = Debug|Any CPU
		{F9F25815-A233-4D47-BE9F-5A08A35E91FD}.Release|Any CPU.ActiveCfg = Release|Any CPU
		{F9F25815-A233-4D47-BE9F-5A08A35E91FD}.Release|Any CPU.Build.0 = Release|Any CPU
		{AF587C07-A7D2-41AB-85B5-BC3222DEDBEB}.Debug|Any CPU.ActiveCfg = Debug|Any CPU
		{AF587C07-A7D2-41AB-85B5-BC3222DEDBEB}.Debug|Any CPU.Build.0 = Debug|Any CPU
		{AF587C07-A7D2-41AB-85B5-BC3222DEDBEB}.Release|Any CPU.ActiveCfg = Release|Any CPU
		{AF587C07-A7D2-41AB-85B5-BC3222DEDBEB}.Release|Any CPU.Build.0 = Release|Any CPU
		{EF9D3EA1-4745-4073-B6F4-02634CA8987D}.Debug|Any CPU.ActiveCfg = Debug|Any CPU
		{EF9D3EA1-4745-4073-B6F4-02634CA8987D}.Debug|Any CPU.Build.0 = Debug|Any CPU
		{EF9D3EA1-4745-4073-B6F4-02634CA8987D}.Release|Any CPU.ActiveCfg = Release|Any CPU
		{EF9D3EA1-4745-4073-B6F4-02634CA8987D}.Release|Any CPU.Build.0 = Release|Any CPU
		{B6285FEE-DDD5-4794-A822-AB8F1E8113BF}.Debug|Any CPU.ActiveCfg = Debug|Any CPU
		{B6285FEE-DDD5-4794-A822-AB8F1E8113BF}.Debug|Any CPU.Build.0 = Debug|Any CPU
		{B6285FEE-DDD5-4794-A822-AB8F1E8113BF}.Release|Any CPU.ActiveCfg = Release|Any CPU
		{B6285FEE-DDD5-4794-A822-AB8F1E8113BF}.Release|Any CPU.Build.0 = Release|Any CPU
		{2D0584CE-E604-4371-B32F-15663A1A0226}.Debug|Any CPU.ActiveCfg = Debug|Any CPU
		{2D0584CE-E604-4371-B32F-15663A1A0226}.Debug|Any CPU.Build.0 = Debug|Any CPU
		{2D0584CE-E604-4371-B32F-15663A1A0226}.Release|Any CPU.ActiveCfg = Release|Any CPU
		{2D0584CE-E604-4371-B32F-15663A1A0226}.Release|Any CPU.Build.0 = Release|Any CPU
		{63FC5D8F-DE9A-419D-862A-39443C873A14}.Debug|Any CPU.ActiveCfg = Debug|Any CPU
		{63FC5D8F-DE9A-419D-862A-39443C873A14}.Debug|Any CPU.Build.0 = Debug|Any CPU
		{63FC5D8F-DE9A-419D-862A-39443C873A14}.Release|Any CPU.ActiveCfg = Release|Any CPU
		{63FC5D8F-DE9A-419D-862A-39443C873A14}.Release|Any CPU.Build.0 = Release|Any CPU
		{DA1EB90E-6A1E-455F-8D4D-3CE529DB3CBB}.Debug|Any CPU.ActiveCfg = Debug|Any CPU
		{DA1EB90E-6A1E-455F-8D4D-3CE529DB3CBB}.Debug|Any CPU.Build.0 = Debug|Any CPU
		{DA1EB90E-6A1E-455F-8D4D-3CE529DB3CBB}.Release|Any CPU.ActiveCfg = Release|Any CPU
		{DA1EB90E-6A1E-455F-8D4D-3CE529DB3CBB}.Release|Any CPU.Build.0 = Release|Any CPU
		{0CE83092-774C-4FDD-94D6-57560371B500}.Debug|Any CPU.ActiveCfg = Debug|Any CPU
		{0CE83092-774C-4FDD-94D6-57560371B500}.Debug|Any CPU.Build.0 = Debug|Any CPU
		{0CE83092-774C-4FDD-94D6-57560371B500}.Release|Any CPU.ActiveCfg = Release|Any CPU
		{0CE83092-774C-4FDD-94D6-57560371B500}.Release|Any CPU.Build.0 = Release|Any CPU
		{6D333397-9A24-43A2-966D-E7677888EE7C}.Debug|Any CPU.ActiveCfg = Debug|Any CPU
		{6D333397-9A24-43A2-966D-E7677888EE7C}.Debug|Any CPU.Build.0 = Debug|Any CPU
		{6D333397-9A24-43A2-966D-E7677888EE7C}.Release|Any CPU.ActiveCfg = Release|Any CPU
		{6D333397-9A24-43A2-966D-E7677888EE7C}.Release|Any CPU.Build.0 = Release|Any CPU
		{9B03C581-9E65-4E9B-89A3-F32A5B10F15C}.Debug|Any CPU.ActiveCfg = Debug|Any CPU
		{9B03C581-9E65-4E9B-89A3-F32A5B10F15C}.Debug|Any CPU.Build.0 = Debug|Any CPU
		{9B03C581-9E65-4E9B-89A3-F32A5B10F15C}.Release|Any CPU.ActiveCfg = Release|Any CPU
		{9B03C581-9E65-4E9B-89A3-F32A5B10F15C}.Release|Any CPU.Build.0 = Release|Any CPU
		{B8571791-B3BB-4930-ADEB-5D3949E642CB}.Debug|Any CPU.ActiveCfg = Debug|Any CPU
		{B8571791-B3BB-4930-ADEB-5D3949E642CB}.Debug|Any CPU.Build.0 = Debug|Any CPU
		{B8571791-B3BB-4930-ADEB-5D3949E642CB}.Release|Any CPU.ActiveCfg = Release|Any CPU
		{B8571791-B3BB-4930-ADEB-5D3949E642CB}.Release|Any CPU.Build.0 = Release|Any CPU
		{32066D6A-2AC9-45DE-919F-50168E78C10A}.Debug|Any CPU.ActiveCfg = Debug|Any CPU
		{32066D6A-2AC9-45DE-919F-50168E78C10A}.Debug|Any CPU.Build.0 = Debug|Any CPU
		{32066D6A-2AC9-45DE-919F-50168E78C10A}.Release|Any CPU.ActiveCfg = Release|Any CPU
		{32066D6A-2AC9-45DE-919F-50168E78C10A}.Release|Any CPU.Build.0 = Release|Any CPU
		{6C248B54-5889-45B9-80F2-CE2A7C320012}.Debug|Any CPU.ActiveCfg = Debug|Any CPU
		{6C248B54-5889-45B9-80F2-CE2A7C320012}.Debug|Any CPU.Build.0 = Debug|Any CPU
		{6C248B54-5889-45B9-80F2-CE2A7C320012}.Release|Any CPU.ActiveCfg = Release|Any CPU
		{6C248B54-5889-45B9-80F2-CE2A7C320012}.Release|Any CPU.Build.0 = Release|Any CPU
		{29A66F3A-CD64-43FD-8296-119E82248A94}.Debug|Any CPU.ActiveCfg = Debug|Any CPU
		{29A66F3A-CD64-43FD-8296-119E82248A94}.Debug|Any CPU.Build.0 = Debug|Any CPU
		{29A66F3A-CD64-43FD-8296-119E82248A94}.Release|Any CPU.ActiveCfg = Release|Any CPU
		{29A66F3A-CD64-43FD-8296-119E82248A94}.Release|Any CPU.Build.0 = Release|Any CPU
	EndGlobalSection
	GlobalSection(SolutionProperties) = preSolution
		HideSolutionNode = FALSE
	EndGlobalSection
	GlobalSection(ExtensibilityGlobals) = postSolution
		SolutionGuid = {E0AA0A44-08CE-4F13-865F-0BA79E150F57}
	EndGlobalSection
EndGlobal
